
Microsoft Visual Studio Solution File, Format Version 12.00
# Visual Studio Version 17
VisualStudioVersion = 17.4.33213.308
MinimumVisualStudioVersion = 10.0.40219.1
Project("{FAE04EC0-301F-11D3-BF4B-00C04F79EFBC}") = "Task Three", "Task Three.csproj", "{BDB7D690-D549-4397-AEE2-2F1AD256F58F}"
EndProject
Global
	GlobalSection(SolutionConfigurationPlatforms) = preSolution
		Debug|Any CPU = Debug|Any CPU
		Release|Any CPU = Release|Any CPU
	EndGlobalSection
	GlobalSection(ProjectConfigurationPlatforms) = postSolution
		{BDB7D690-D549-4397-AEE2-2F1AD256F58F}.Debug|Any CPU.ActiveCfg = Debug|Any CPU
		{BDB7D690-D549-4397-AEE2-2F1AD256F58F}.Debug|Any CPU.Build.0 = Debug|Any CPU
		{BDB7D690-D549-4397-AEE2-2F1AD256F58F}.Release|Any CPU.ActiveCfg = Release|Any CPU
		{BDB7D690-D549-4397-AEE2-2F1AD256F58F}.Release|Any CPU.Build.0 = Release|Any CPU
	EndGlobalSection
	GlobalSection(SolutionProperties) = preSolution
		HideSolutionNode = FALSE
	EndGlobalSection
	GlobalSection(ExtensibilityGlobals) = postSolution
		SolutionGuid = {D3432F3E-5CDC-4174-8061-26E1EF1D2218}
	EndGlobalSection
EndGlobal
