
Microsoft Visual Studio Solution File, Format Version 12.00
# Visual Studio Version 17
VisualStudioVersion = 17.4.33213.308
MinimumVisualStudioVersion = 10.0.40219.1
Project("{FAE04EC0-301F-11D3-BF4B-00C04F79EFBC}") = "Task Thirteen", "Task Thirteen.csproj", "{94212097-EC85-422C-9215-F587CA441DB9}"
EndProject
Global
	GlobalSection(SolutionConfigurationPlatforms) = preSolution
		Debug|Any CPU = Debug|Any CPU
		Release|Any CPU = Release|Any CPU
	EndGlobalSection
	GlobalSection(ProjectConfigurationPlatforms) = postSolution
		{94212097-EC85-422C-9215-F587CA441DB9}.Debug|Any CPU.ActiveCfg = Debug|Any CPU
		{94212097-EC85-422C-9215-F587CA441DB9}.Debug|Any CPU.Build.0 = Debug|Any CPU
		{94212097-EC85-422C-9215-F587CA441DB9}.Release|Any CPU.ActiveCfg = Release|Any CPU
		{94212097-EC85-422C-9215-F587CA441DB9}.Release|Any CPU.Build.0 = Release|Any CPU
	EndGlobalSection
	GlobalSection(SolutionProperties) = preSolution
		HideSolutionNode = FALSE
	EndGlobalSection
	GlobalSection(ExtensibilityGlobals) = postSolution
		SolutionGuid = {B64FC957-925B-4C52-80E1-4490DA066680}
	EndGlobalSection
EndGlobal
