
Microsoft Visual Studio Solution File, Format Version 12.00
# Visual Studio Version 17
VisualStudioVersion = 17.8.34408.163
MinimumVisualStudioVersion = 10.0.40219.1
Project("{FAE04EC0-301F-11D3-BF4B-00C04F79EFBC}") = "Matconet2024", "Matconet2024.csproj", "{CDDA1281-1016-439D-AFEA-80F9089BDB93}"
EndProject
Global
	GlobalSection(SolutionConfigurationPlatforms) = preSolution
		Debug|Any CPU = Debug|Any CPU
		Release|Any CPU = Release|Any CPU
	EndGlobalSection
	GlobalSection(ProjectConfigurationPlatforms) = postSolution
		{CDDA1281-1016-439D-AFEA-80F9089BDB93}.Debug|Any CPU.ActiveCfg = Debug|Any CPU
		{CDDA1281-1016-439D-AFEA-80F9089BDB93}.Debug|Any CPU.Build.0 = Debug|Any CPU
		{CDDA1281-1016-439D-AFEA-80F9089BDB93}.Release|Any CPU.ActiveCfg = Release|Any CPU
		{CDDA1281-1016-439D-AFEA-80F9089BDB93}.Release|Any CPU.Build.0 = Release|Any CPU
	EndGlobalSection
	GlobalSection(SolutionProperties) = preSolution
		HideSolutionNode = FALSE
	EndGlobalSection
	GlobalSection(ExtensibilityGlobals) = postSolution
		SolutionGuid = {F26BDCE3-D65E-4706-B6E9-815627E01992}
	EndGlobalSection
EndGlobal
