
Microsoft Visual Studio Solution File, Format Version 12.00
# Visual Studio Version 17
VisualStudioVersion = 17.4.33213.308
MinimumVisualStudioVersion = 10.0.40219.1
Project("{FAE04EC0-301F-11D3-BF4B-00C04F79EFBC}") = "Task 2", "Task 2.csproj", "{46199A51-CEE5-4D0D-AE21-5F660F0FB7C1}"
EndProject
Global
	GlobalSection(SolutionConfigurationPlatforms) = preSolution
		Debug|Any CPU = Debug|Any CPU
		Release|Any CPU = Release|Any CPU
	EndGlobalSection
	GlobalSection(ProjectConfigurationPlatforms) = postSolution
		{46199A51-CEE5-4D0D-AE21-5F660F0FB7C1}.Debug|Any CPU.ActiveCfg = Debug|Any CPU
		{46199A51-CEE5-4D0D-AE21-5F660F0FB7C1}.Debug|Any CPU.Build.0 = Debug|Any CPU
		{46199A51-CEE5-4D0D-AE21-5F660F0FB7C1}.Release|Any CPU.ActiveCfg = Release|Any CPU
		{46199A51-CEE5-4D0D-AE21-5F660F0FB7C1}.Release|Any CPU.Build.0 = Release|Any CPU
	EndGlobalSection
	GlobalSection(SolutionProperties) = preSolution
		HideSolutionNode = FALSE
	EndGlobalSection
	GlobalSection(ExtensibilityGlobals) = postSolution
		SolutionGuid = {2EF725EA-1F99-4439-9A07-2E79976F2051}
	EndGlobalSection
EndGlobal
