
Microsoft Visual Studio Solution File, Format Version 12.00
# Visual Studio Version 17
VisualStudioVersion = 17.4.33213.308
MinimumVisualStudioVersion = 10.0.40219.1
Project("{FAE04EC0-301F-11D3-BF4B-00C04F79EFBC}") = "Task Eight", "Task Eight.csproj", "{AAE783D4-65E6-4754-8E5E-50FB73C93E4C}"
EndProject
Global
	GlobalSection(SolutionConfigurationPlatforms) = preSolution
		Debug|Any CPU = Debug|Any CPU
		Release|Any CPU = Release|Any CPU
	EndGlobalSection
	GlobalSection(ProjectConfigurationPlatforms) = postSolution
		{AAE783D4-65E6-4754-8E5E-50FB73C93E4C}.Debug|Any CPU.ActiveCfg = Debug|Any CPU
		{AAE783D4-65E6-4754-8E5E-50FB73C93E4C}.Debug|Any CPU.Build.0 = Debug|Any CPU
		{AAE783D4-65E6-4754-8E5E-50FB73C93E4C}.Release|Any CPU.ActiveCfg = Release|Any CPU
		{AAE783D4-65E6-4754-8E5E-50FB73C93E4C}.Release|Any CPU.Build.0 = Release|Any CPU
	EndGlobalSection
	GlobalSection(SolutionProperties) = preSolution
		HideSolutionNode = FALSE
	EndGlobalSection
	GlobalSection(ExtensibilityGlobals) = postSolution
		SolutionGuid = {F34E520C-7836-43A9-88E9-ABCDAFA63588}
	EndGlobalSection
EndGlobal
