
Microsoft Visual Studio Solution File, Format Version 12.00
# Visual Studio Version 17
VisualStudioVersion = 17.4.33213.308
MinimumVisualStudioVersion = 10.0.40219.1
Project("{FAE04EC0-301F-11D3-BF4B-00C04F79EFBC}") = "Classes 9 - Sukot", "Classes 9 - Sukot.csproj", "{440EEFA3-C42B-4815-BB16-0DEB0BF72746}"
EndProject
Global
	GlobalSection(SolutionConfigurationPlatforms) = preSolution
		Debug|Any CPU = Debug|Any CPU
		Release|Any CPU = Release|Any CPU
	EndGlobalSection
	GlobalSection(ProjectConfigurationPlatforms) = postSolution
		{440EEFA3-C42B-4815-BB16-0DEB0BF72746}.Debug|Any CPU.ActiveCfg = Debug|Any CPU
		{440EEFA3-C42B-4815-BB16-0DEB0BF72746}.Debug|Any CPU.Build.0 = Debug|Any CPU
		{440EEFA3-C42B-4815-BB16-0DEB0BF72746}.Release|Any CPU.ActiveCfg = Release|Any CPU
		{440EEFA3-C42B-4815-BB16-0DEB0BF72746}.Release|Any CPU.Build.0 = Release|Any CPU
	EndGlobalSection
	GlobalSection(SolutionProperties) = preSolution
		HideSolutionNode = FALSE
	EndGlobalSection
	GlobalSection(ExtensibilityGlobals) = postSolution
		SolutionGuid = {49367E8A-1F0C-4246-A2BD-3949DB84A4C8}
	EndGlobalSection
EndGlobal
