
Microsoft Visual Studio Solution File, Format Version 12.00
# Visual Studio Version 17
VisualStudioVersion = 17.4.33213.308
MinimumVisualStudioVersion = 10.0.40219.1
Project("{FAE04EC0-301F-11D3-BF4B-00C04F79EFBC}") = "Classes 8 - dog (static)", "Classes 8 - dog (static).csproj", "{DBB53D0D-6749-4F07-9679-278D812E79E9}"
EndProject
Global
	GlobalSection(SolutionConfigurationPlatforms) = preSolution
		Debug|Any CPU = Debug|Any CPU
		Release|Any CPU = Release|Any CPU
	EndGlobalSection
	GlobalSection(ProjectConfigurationPlatforms) = postSolution
		{DBB53D0D-6749-4F07-9679-278D812E79E9}.Debug|Any CPU.ActiveCfg = Debug|Any CPU
		{DBB53D0D-6749-4F07-9679-278D812E79E9}.Debug|Any CPU.Build.0 = Debug|Any CPU
		{DBB53D0D-6749-4F07-9679-278D812E79E9}.Release|Any CPU.ActiveCfg = Release|Any CPU
		{DBB53D0D-6749-4F07-9679-278D812E79E9}.Release|Any CPU.Build.0 = Release|Any CPU
	EndGlobalSection
	GlobalSection(SolutionProperties) = preSolution
		HideSolutionNode = FALSE
	EndGlobalSection
	GlobalSection(ExtensibilityGlobals) = postSolution
		SolutionGuid = {F7D0CC8B-5E0C-43DB-BEC1-8A2BF4673CEA}
	EndGlobalSection
EndGlobal
