
Microsoft Visual Studio Solution File, Format Version 12.00
# Visual Studio Version 17
VisualStudioVersion = 17.8.34408.163
MinimumVisualStudioVersion = 10.0.40219.1
Project("{FAE04EC0-301F-11D3-BF4B-00C04F79EFBC}") = "Delete Odd Nodes - 7", "Delete Odd Nodes - 7.csproj", "{8C903B14-16C3-49B5-9549-828123A9A46A}"
EndProject
Global
	GlobalSection(SolutionConfigurationPlatforms) = preSolution
		Debug|Any CPU = Debug|Any CPU
		Release|Any CPU = Release|Any CPU
	EndGlobalSection
	GlobalSection(ProjectConfigurationPlatforms) = postSolution
		{8C903B14-16C3-49B5-9549-828123A9A46A}.Debug|Any CPU.ActiveCfg = Debug|Any CPU
		{8C903B14-16C3-49B5-9549-828123A9A46A}.Debug|Any CPU.Build.0 = Debug|Any CPU
		{8C903B14-16C3-49B5-9549-828123A9A46A}.Release|Any CPU.ActiveCfg = Release|Any CPU
		{8C903B14-16C3-49B5-9549-828123A9A46A}.Release|Any CPU.Build.0 = Release|Any CPU
	EndGlobalSection
	GlobalSection(SolutionProperties) = preSolution
		HideSolutionNode = FALSE
	EndGlobalSection
	GlobalSection(ExtensibilityGlobals) = postSolution
		SolutionGuid = {A7C143A9-6BCD-4342-AD00-40EA4E756671}
	EndGlobalSection
EndGlobal
