
Microsoft Visual Studio Solution File, Format Version 12.00
# Visual Studio Version 17
VisualStudioVersion = 17.4.33213.308
MinimumVisualStudioVersion = 10.0.40219.1
Project("{FAE04EC0-301F-11D3-BF4B-00C04F79EFBC}") = "print dividers - 2", "print dividers - 2.csproj", "{0EFCA2F6-2F10-43BC-9BC9-EC73BAFFEB06}"
EndProject
Global
	GlobalSection(SolutionConfigurationPlatforms) = preSolution
		Debug|Any CPU = Debug|Any CPU
		Release|Any CPU = Release|Any CPU
	EndGlobalSection
	GlobalSection(ProjectConfigurationPlatforms) = postSolution
		{0EFCA2F6-2F10-43BC-9BC9-EC73BAFFEB06}.Debug|Any CPU.ActiveCfg = Debug|Any CPU
		{0EFCA2F6-2F10-43BC-9BC9-EC73BAFFEB06}.Debug|Any CPU.Build.0 = Debug|Any CPU
		{0EFCA2F6-2F10-43BC-9BC9-EC73BAFFEB06}.Release|Any CPU.ActiveCfg = Release|Any CPU
		{0EFCA2F6-2F10-43BC-9BC9-EC73BAFFEB06}.Release|Any CPU.Build.0 = Release|Any CPU
	EndGlobalSection
	GlobalSection(SolutionProperties) = preSolution
		HideSolutionNode = FALSE
	EndGlobalSection
	GlobalSection(ExtensibilityGlobals) = postSolution
		SolutionGuid = {737EE727-2277-4DF0-AF9D-C92E49D0AECF}
	EndGlobalSection
EndGlobal
