
Microsoft Visual Studio Solution File, Format Version 12.00
# Visual Studio Version 17
VisualStudioVersion = 17.8.34408.163
MinimumVisualStudioVersion = 10.0.40219.1
Project("{FAE04EC0-301F-11D3-BF4B-00C04F79EFBC}") = "introduction - 1", "introduction - 1.csproj", "{FE17EC3F-384F-40CA-99CB-3F6EDA852BF9}"
EndProject
Global
	GlobalSection(SolutionConfigurationPlatforms) = preSolution
		Debug|Any CPU = Debug|Any CPU
		Release|Any CPU = Release|Any CPU
	EndGlobalSection
	GlobalSection(ProjectConfigurationPlatforms) = postSolution
		{FE17EC3F-384F-40CA-99CB-3F6EDA852BF9}.Debug|Any CPU.ActiveCfg = Debug|Any CPU
		{FE17EC3F-384F-40CA-99CB-3F6EDA852BF9}.Debug|Any CPU.Build.0 = Debug|Any CPU
		{FE17EC3F-384F-40CA-99CB-3F6EDA852BF9}.Release|Any CPU.ActiveCfg = Release|Any CPU
		{FE17EC3F-384F-40CA-99CB-3F6EDA852BF9}.Release|Any CPU.Build.0 = Release|Any CPU
	EndGlobalSection
	GlobalSection(SolutionProperties) = preSolution
		HideSolutionNode = FALSE
	EndGlobalSection
	GlobalSection(ExtensibilityGlobals) = postSolution
		SolutionGuid = {BA821F15-1572-4060-B44F-18A7B8225411}
	EndGlobalSection
EndGlobal
