
Microsoft Visual Studio Solution File, Format Version 12.00
# Visual Studio Version 17
VisualStudioVersion = 17.4.33213.308
MinimumVisualStudioVersion = 10.0.40219.1
Project("{FAE04EC0-301F-11D3-BF4B-00C04F79EFBC}") = "Task Nine", "Task Nine.csproj", "{ADDC0002-59E9-41C9-AC99-51C0AA01F2D6}"
EndProject
Global
	GlobalSection(SolutionConfigurationPlatforms) = preSolution
		Debug|Any CPU = Debug|Any CPU
		Release|Any CPU = Release|Any CPU
	EndGlobalSection
	GlobalSection(ProjectConfigurationPlatforms) = postSolution
		{ADDC0002-59E9-41C9-AC99-51C0AA01F2D6}.Debug|Any CPU.ActiveCfg = Debug|Any CPU
		{ADDC0002-59E9-41C9-AC99-51C0AA01F2D6}.Debug|Any CPU.Build.0 = Debug|Any CPU
		{ADDC0002-59E9-41C9-AC99-51C0AA01F2D6}.Release|Any CPU.ActiveCfg = Release|Any CPU
		{ADDC0002-59E9-41C9-AC99-51C0AA01F2D6}.Release|Any CPU.Build.0 = Release|Any CPU
	EndGlobalSection
	GlobalSection(SolutionProperties) = preSolution
		HideSolutionNode = FALSE
	EndGlobalSection
	GlobalSection(ExtensibilityGlobals) = postSolution
		SolutionGuid = {8CCA3C59-E9F4-4350-9C49-3D07F6CC1926}
	EndGlobalSection
EndGlobal
